
Microsoft Visual Studio Solution File, Format Version 12.00
# Visual Studio Version 17
VisualStudioVersion = 17.0.31903.59
MinimumVisualStudioVersion = 10.0.40219.1
Project("{2150E333-8FDC-42A3-9474-1A3956D46DE8}") = "src", "src", "{5C8B5439-4C94-43F8-845B-7B7A17F6212F}"
EndProject
Project("{2150E333-8FDC-42A3-9474-1A3956D46DE8}") = "Shared", "Shared", "{75B5783D-0DF9-4279-AB86-4709E6FF0DE8}"
EndProject
Project("{9A19103F-16F7-4668-BE54-9A1E7A4F7556}") = "ContactModels", "src\Shared\ContactModels\ContactModels.csproj", "{06A369F9-518A-4EA2-B1B0-7F9A9285BBCB}"
EndProject
Project("{9A19103F-16F7-4668-BE54-9A1E7A4F7556}") = "Infrastructure", "src\Shared\Infrastructure\Infrastructure.csproj", "{BD650126-7C77-4E7D-8383-FAC5AFDEB744}"
EndProject
Project("{9A19103F-16F7-4668-BE54-9A1E7A4F7556}") = "Common", "src\Shared\Common\Common.csproj", "{9D87F524-049E-4A1E-B1D4-1E76D5BB10EB}"
EndProject
Project("{9A19103F-16F7-4668-BE54-9A1E7A4F7556}") = "ContactCreate.API", "src\ContactCreate.API\ContactCreate.API.csproj", "{97A630F5-BFA7-4047-8663-E3D7DC818CFF}"
EndProject
Project("{9A19103F-16F7-4668-BE54-9A1E7A4F7556}") = "ContactRead.API", "src\ContactRead.API\ContactRead.API.csproj", "{D2E828D5-47DF-4B30-95F9-E39D28213E89}"
EndProject
Project("{9A19103F-16F7-4668-BE54-9A1E7A4F7556}") = "ContactUpdate.API", "src\ContactUpdate.API\ContactUpdate.API.csproj", "{ADFFC8B9-6D9E-41FD-8ED4-0935937D093E}"
EndProject
Project("{9A19103F-16F7-4668-BE54-9A1E7A4F7556}") = "ContactDelete.API", "src\ContactDelete.API\ContactDelete.API.csproj", "{6AB08BC9-DAFA-4478-BA44-2D18A4B860EA}"
EndProject
Project("{FAE04EC0-301F-11D3-BF4B-00C04F79EFBC}") = "Contact.Consumer", "Contact.Consumer\Contact.Consumer.csproj", "{CD93BD4E-DC31-4A8A-8C8B-1B8C23C755B0}"
EndProject
Global
	GlobalSection(SolutionConfigurationPlatforms) = preSolution
		Debug|Any CPU = Debug|Any CPU
		Release|Any CPU = Release|Any CPU
	EndGlobalSection
	GlobalSection(ProjectConfigurationPlatforms) = postSolution
		{06A369F9-518A-4EA2-B1B0-7F9A9285BBCB}.Debug|Any CPU.ActiveCfg = Debug|Any CPU
		{06A369F9-518A-4EA2-B1B0-7F9A9285BBCB}.Debug|Any CPU.Build.0 = Debug|Any CPU
		{06A369F9-518A-4EA2-B1B0-7F9A9285BBCB}.Release|Any CPU.ActiveCfg = Release|Any CPU
		{06A369F9-518A-4EA2-B1B0-7F9A9285BBCB}.Release|Any CPU.Build.0 = Release|Any CPU
		{BD650126-7C77-4E7D-8383-FAC5AFDEB744}.Debug|Any CPU.ActiveCfg = Debug|Any CPU
		{BD650126-7C77-4E7D-8383-FAC5AFDEB744}.Debug|Any CPU.Build.0 = Debug|Any CPU
		{BD650126-7C77-4E7D-8383-FAC5AFDEB744}.Release|Any CPU.ActiveCfg = Release|Any CPU
		{BD650126-7C77-4E7D-8383-FAC5AFDEB744}.Release|Any CPU.Build.0 = Release|Any CPU
		{9D87F524-049E-4A1E-B1D4-1E76D5BB10EB}.Debug|Any CPU.ActiveCfg = Debug|Any CPU
		{9D87F524-049E-4A1E-B1D4-1E76D5BB10EB}.Debug|Any CPU.Build.0 = Debug|Any CPU
		{9D87F524-049E-4A1E-B1D4-1E76D5BB10EB}.Release|Any CPU.ActiveCfg = Release|Any CPU
		{9D87F524-049E-4A1E-B1D4-1E76D5BB10EB}.Release|Any CPU.Build.0 = Release|Any CPU
		{97A630F5-BFA7-4047-8663-E3D7DC818CFF}.Debug|Any CPU.ActiveCfg = Debug|Any CPU
		{97A630F5-BFA7-4047-8663-E3D7DC818CFF}.Debug|Any CPU.Build.0 = Debug|Any CPU
		{97A630F5-BFA7-4047-8663-E3D7DC818CFF}.Release|Any CPU.ActiveCfg = Release|Any CPU
		{97A630F5-BFA7-4047-8663-E3D7DC818CFF}.Release|Any CPU.Build.0 = Release|Any CPU
		{D2E828D5-47DF-4B30-95F9-E39D28213E89}.Debug|Any CPU.ActiveCfg = Debug|Any CPU
		{D2E828D5-47DF-4B30-95F9-E39D28213E89}.Debug|Any CPU.Build.0 = Debug|Any CPU
		{D2E828D5-47DF-4B30-95F9-E39D28213E89}.Release|Any CPU.ActiveCfg = Release|Any CPU
		{D2E828D5-47DF-4B30-95F9-E39D28213E89}.Release|Any CPU.Build.0 = Release|Any CPU
		{ADFFC8B9-6D9E-41FD-8ED4-0935937D093E}.Debug|Any CPU.ActiveCfg = Debug|Any CPU
		{ADFFC8B9-6D9E-41FD-8ED4-0935937D093E}.Debug|Any CPU.Build.0 = Debug|Any CPU
		{ADFFC8B9-6D9E-41FD-8ED4-0935937D093E}.Release|Any CPU.ActiveCfg = Release|Any CPU
		{ADFFC8B9-6D9E-41FD-8ED4-0935937D093E}.Release|Any CPU.Build.0 = Release|Any CPU
		{6AB08BC9-DAFA-4478-BA44-2D18A4B860EA}.Debug|Any CPU.ActiveCfg = Debug|Any CPU
		{6AB08BC9-DAFA-4478-BA44-2D18A4B860EA}.Debug|Any CPU.Build.0 = Debug|Any CPU
		{6AB08BC9-DAFA-4478-BA44-2D18A4B860EA}.Release|Any CPU.ActiveCfg = Release|Any CPU
		{6AB08BC9-DAFA-4478-BA44-2D18A4B860EA}.Release|Any CPU.Build.0 = Release|Any CPU
		{CD93BD4E-DC31-4A8A-8C8B-1B8C23C755B0}.Debug|Any CPU.ActiveCfg = Debug|Any CPU
		{CD93BD4E-DC31-4A8A-8C8B-1B8C23C755B0}.Debug|Any CPU.Build.0 = Debug|Any CPU
		{CD93BD4E-DC31-4A8A-8C8B-1B8C23C755B0}.Release|Any CPU.ActiveCfg = Release|Any CPU
		{CD93BD4E-DC31-4A8A-8C8B-1B8C23C755B0}.Release|Any CPU.Build.0 = Release|Any CPU
	EndGlobalSection
	GlobalSection(SolutionProperties) = preSolution
		HideSolutionNode = FALSE
	EndGlobalSection
	GlobalSection(NestedProjects) = preSolution
		{75B5783D-0DF9-4279-AB86-4709E6FF0DE8} = {5C8B5439-4C94-43F8-845B-7B7A17F6212F}
		{06A369F9-518A-4EA2-B1B0-7F9A9285BBCB} = {75B5783D-0DF9-4279-AB86-4709E6FF0DE8}
		{BD650126-7C77-4E7D-8383-FAC5AFDEB744} = {75B5783D-0DF9-4279-AB86-4709E6FF0DE8}
		{9D87F524-049E-4A1E-B1D4-1E76D5BB10EB} = {75B5783D-0DF9-4279-AB86-4709E6FF0DE8}
		{97A630F5-BFA7-4047-8663-E3D7DC818CFF} = {5C8B5439-4C94-43F8-845B-7B7A17F6212F}
		{D2E828D5-47DF-4B30-95F9-E39D28213E89} = {5C8B5439-4C94-43F8-845B-7B7A17F6212F}
		{ADFFC8B9-6D9E-41FD-8ED4-0935937D093E} = {5C8B5439-4C94-43F8-845B-7B7A17F6212F}
		{6AB08BC9-DAFA-4478-BA44-2D18A4B860EA} = {5C8B5439-4C94-43F8-845B-7B7A17F6212F}
		{CD93BD4E-DC31-4A8A-8C8B-1B8C23C755B0} = {5C8B5439-4C94-43F8-845B-7B7A17F6212F}
	EndGlobalSection
	GlobalSection(ExtensibilityGlobals) = postSolution
		SolutionGuid = {A66B831F-A8A4-4B1E-8F7F-E7DE07DAF039}
	EndGlobalSection
EndGlobal
